
Microsoft Visual Studio Solution File, Format Version 12.00
# Visual Studio 2012
Project("{FAE04EC0-301F-11D3-BF4B-00C04F79EFBC}") = "ICT13580073A2", "ICT13580073A2\ICT13580073A2.csproj", "{03142812-53C3-4424-A937-4E49009C45A6}"
EndProject
Project("{FAE04EC0-301F-11D3-BF4B-00C04F79EFBC}") = "ICT13580073A2.iOS", "iOS\ICT13580073A2.iOS.csproj", "{C85CEAF4-0F62-4EFB-AA25-D69417BE9230}"
EndProject
Global
	GlobalSection(SolutionConfigurationPlatforms) = preSolution
		Debug|Any CPU = Debug|Any CPU
		Release|Any CPU = Release|Any CPU
		Debug|iPhoneSimulator = Debug|iPhoneSimulator
		Release|iPhone = Release|iPhone
		Release|iPhoneSimulator = Release|iPhoneSimulator
		Debug|iPhone = Debug|iPhone
	EndGlobalSection
	GlobalSection(ProjectConfigurationPlatforms) = postSolution
		{03142812-53C3-4424-A937-4E49009C45A6}.Debug|Any CPU.ActiveCfg = Debug|Any CPU
		{03142812-53C3-4424-A937-4E49009C45A6}.Debug|Any CPU.Build.0 = Debug|Any CPU
		{03142812-53C3-4424-A937-4E49009C45A6}.Release|Any CPU.ActiveCfg = Release|Any CPU
		{03142812-53C3-4424-A937-4E49009C45A6}.Release|Any CPU.Build.0 = Release|Any CPU
		{03142812-53C3-4424-A937-4E49009C45A6}.Debug|iPhoneSimulator.ActiveCfg = Debug|Any CPU
		{03142812-53C3-4424-A937-4E49009C45A6}.Debug|iPhoneSimulator.Build.0 = Debug|Any CPU
		{03142812-53C3-4424-A937-4E49009C45A6}.Release|iPhone.ActiveCfg = Release|Any CPU
		{03142812-53C3-4424-A937-4E49009C45A6}.Release|iPhone.Build.0 = Release|Any CPU
		{03142812-53C3-4424-A937-4E49009C45A6}.Release|iPhoneSimulator.ActiveCfg = Release|Any CPU
		{03142812-53C3-4424-A937-4E49009C45A6}.Release|iPhoneSimulator.Build.0 = Release|Any CPU
		{03142812-53C3-4424-A937-4E49009C45A6}.Debug|iPhone.ActiveCfg = Debug|Any CPU
		{03142812-53C3-4424-A937-4E49009C45A6}.Debug|iPhone.Build.0 = Debug|Any CPU
		{C85CEAF4-0F62-4EFB-AA25-D69417BE9230}.Debug|Any CPU.ActiveCfg = Debug|iPhoneSimulator
		{C85CEAF4-0F62-4EFB-AA25-D69417BE9230}.Debug|Any CPU.Build.0 = Debug|iPhoneSimulator
		{C85CEAF4-0F62-4EFB-AA25-D69417BE9230}.Release|Any CPU.ActiveCfg = Release|iPhone
		{C85CEAF4-0F62-4EFB-AA25-D69417BE9230}.Release|Any CPU.Build.0 = Release|iPhone
		{C85CEAF4-0F62-4EFB-AA25-D69417BE9230}.Debug|iPhoneSimulator.ActiveCfg = Debug|iPhoneSimulator
		{C85CEAF4-0F62-4EFB-AA25-D69417BE9230}.Debug|iPhoneSimulator.Build.0 = Debug|iPhoneSimulator
		{C85CEAF4-0F62-4EFB-AA25-D69417BE9230}.Release|iPhone.ActiveCfg = Release|iPhone
		{C85CEAF4-0F62-4EFB-AA25-D69417BE9230}.Release|iPhone.Build.0 = Release|iPhone
		{C85CEAF4-0F62-4EFB-AA25-D69417BE9230}.Release|iPhoneSimulator.ActiveCfg = Release|iPhoneSimulator
		{C85CEAF4-0F62-4EFB-AA25-D69417BE9230}.Release|iPhoneSimulator.Build.0 = Release|iPhoneSimulator
		{C85CEAF4-0F62-4EFB-AA25-D69417BE9230}.Debug|iPhone.ActiveCfg = Debug|iPhone
		{C85CEAF4-0F62-4EFB-AA25-D69417BE9230}.Debug|iPhone.Build.0 = Debug|iPhone
	EndGlobalSection
EndGlobal
